%{
  "observer_cli": {:hex, :observer_cli, "1.7.4", "3c1bfb6d91bf68f6a3d15f46ae20da0f7740d363ee5bc041191ce8722a6c4fae", [:mix, :rebar3], [{:recon, "~> 2.5.1", [hex: :recon, repo: "hexpm", optional: false]}], "hexpm", "50de6d95d814f447458bd5d72666a74624eddb0ef98bdcee61a0153aae0865ff"},
  "recon": {:hex, :recon, "2.5.4", "05dd52a119ee4059fa9daa1ab7ce81bc7a8161a2f12e9d42e9d551ffd2ba901c", [:mix, :rebar3], [], "hexpm", "e9ab01ac7fc8572e41eb59385efeb3fb0ff5bf02103816535bacaedf327d0263"},
}
